// !$*UTF8*$!
{
	archiveVersion = 1;
	classes = {
	};
	objectVersion = 56;
	objects = {

/* Begin PBXBuildFile section */
		8AAB821B2ACB732000C7252C /* AppDelegate.swift in Sources */ = {isa = PBXBuildFile; fileRef = 8AAB821A2ACB732000C7252C /* AppDelegate.swift */; };
		8AAB821D2ACB732000C7252C /* SceneDelegate.swift in Sources */ = {isa = PBXBuildFile; fileRef = 8AAB821C2ACB732000C7252C /* SceneDelegate.swift */; };
		8AAB821F2ACB732000C7252C /* ViewController.swift in Sources */ = {isa = PBXBuildFile; fileRef = 8AAB821E2ACB732000C7252C /* ViewController.swift */; };
		8AAB82222ACB732100C7252C /* Main.storyboard in Resources */ = {isa = PBXBuildFile; fileRef = 8AAB82202ACB732100C7252C /* Main.storyboard */; };
		8AAB82242ACB732100C7252C /* Assets.xcassets in Resources */ = {isa = PBXBuildFile; fileRef = 8AAB82232ACB732100C7252C /* Assets.xcassets */; };
		8AAB82272ACB732100C7252C /* LaunchScreen.storyboard in Resources */ = {isa = PBXBuildFile; fileRef = 8AAB82252ACB732100C7252C /* LaunchScreen.storyboard */; };
		8AAB82322ACB732100C7252C /* WeatherApplicationTests.swift in Sources */ = {isa = PBXBuildFile; fileRef = 8AAB82312ACB732100C7252C /* WeatherApplicationTests.swift */; };
		8AAB823C2ACB732100C7252C /* WeatherApplicationUITests.swift in Sources */ = {isa = PBXBuildFile; fileRef = 8AAB823B2ACB732100C7252C /* WeatherApplicationUITests.swift */; };
		8AAB823E2ACB732100C7252C /* WeatherApplicationUITestsLaunchTests.swift in Sources */ = {isa = PBXBuildFile; fileRef = 8AAB823D2ACB732100C7252C /* WeatherApplicationUITestsLaunchTests.swift */; };
/* End PBXBuildFile section */

/* Begin PBXContainerItemProxy section */
		8AAB822E2ACB732100C7252C /* PBXContainerItemProxy */ = {
			isa = PBXContainerItemProxy;
			containerPortal = 8AAB820F2ACB732000C7252C /* Project object */;
			proxyType = 1;
			remoteGlobalIDString = 8AAB82162ACB732000C7252C;
			remoteInfo = WeatherApplication;
		};
		8AAB82382ACB732100C7252C /* PBXContainerItemProxy */ = {
			isa = PBXContainerItemProxy;
			containerPortal = 8AAB820F2ACB732000C7252C /* Project object */;
			proxyType = 1;
			remoteGlobalIDString = 8AAB82162ACB732000C7252C;
			remoteInfo = WeatherApplication;
		};
/* End PBXContainerItemProxy section */

/* Begin PBXFileReference section */
		8AAB82172ACB732000C7252C /* WeatherApplication.app */ = {isa = PBXFileReference; explicitFileType = wrapper.application; includeInIndex = 0; path = WeatherApplication.app; sourceTree = BUILT_PRODUCTS_DIR; };
		8AAB821A2ACB732000C7252C /* AppDelegate.swift */ = {isa = PBXFileReference; lastKnownFileType = sourcecode.swift; path = AppDelegate.swift; sourceTree = "<group>"; };
		8AAB821C2ACB732000C7252C /* SceneDelegate.swift */ = {isa = PBXFileReference; lastKnownFileType = sourcecode.swift; path = SceneDelegate.swift; sourceTree = "<group>"; };
		8AAB821E2ACB732000C7252C /* ViewController.swift */ = {isa = PBXFileReference; lastKnownFileType = sourcecode.swift; path = ViewController.swift; sourceTree = "<group>"; };
		8AAB82212ACB732100C7252C /* Base */ = {isa = PBXFileReference; lastKnownFileType = file.storyboard; name = Base; path = Base.lproj/Main.storyboard; sourceTree = "<group>"; };
		8AAB82232ACB732100C7252C /* Assets.xcassets */ = {isa = PBXFileReference; lastKnownFileType = folder.assetcatalog; path = Assets.xcassets; sourceTree = "<group>"; };
		8AAB82262ACB732100C7252C /* Base */ = {isa = PBXFileReference; lastKnownFileType = file.storyboard; name = Base; path = Base.lproj/LaunchScreen.storyboard; sourceTree = "<group>"; };
		8AAB82282ACB732100C7252C /* Info.plist */ = {isa = PBXFileReference; lastKnownFileType = text.plist.xml; path = Info.plist; sourceTree = "<group>"; };
		8AAB822D2ACB732100C7252C /* WeatherApplicationTests.xctest */ = {isa = PBXFileReference; explicitFileType = wrapper.cfbundle; includeInIndex = 0; path = WeatherApplicationTests.xctest; sourceTree = BUILT_PRODUCTS_DIR; };
		8AAB82312ACB732100C7252C /* WeatherApplicationTests.swift */ = {isa = PBXFileReference; lastKnownFileType = sourcecode.swift; path = WeatherApplicationTests.swift; sourceTree = "<group>"; };
		8AAB82372ACB732100C7252C /* WeatherApplicationUITests.xctest */ = {isa = PBXFileReference; explicitFileType = wrapper.cfbundle; includeInIndex = 0; path = WeatherApplicationUITests.xctest; sourceTree = BUILT_PRODUCTS_DIR; };
		8AAB823B2ACB732100C7252C /* WeatherApplicationUITests.swift */ = {isa = PBXFileReference; lastKnownFileType = sourcecode.swift; path = WeatherApplicationUITests.swift; sourceTree = "<group>"; };
		8AAB823D2ACB732100C7252C /* WeatherApplicationUITestsLaunchTests.swift */ = {isa = PBXFileReference; lastKnownFileType = sourcecode.swift; path = WeatherApplicationUITestsLaunchTests.swift; sourceTree = "<group>"; };
/* End PBXFileReference section */

/* Begin PBXFrameworksBuildPhase section */
		8AAB82142ACB732000C7252C /* Frameworks */ = {
			isa = PBXFrameworksBuildPhase;
			buildActionMask = 2147483647;
			files = (
			);
			runOnlyForDeploymentPostprocessing = 0;
		};
		8AAB822A2ACB732100C7252C /* Frameworks */ = {
			isa = PBXFrameworksBuildPhase;
			buildActionMask = 2147483647;
			files = (
			);
			runOnlyForDeploymentPostprocessing = 0;
		};
		8AAB82342ACB732100C7252C /* Frameworks */ = {
			isa = PBXFrameworksBuildPhase;
			buildActionMask = 2147483647;
			files = (
			);
			runOnlyForDeploymentPostprocessing = 0;
		};
/* End PBXFrameworksBuildPhase section */

/* Begin PBXGroup section */
		8AAB820E2ACB732000C7252C = {
			isa = PBXGroup;
			children = (
				8AAB82192ACB732000C7252C /* WeatherApplication */,
				8AAB82302ACB732100C7252C /* WeatherApplicationTests */,
				8AAB823A2ACB732100C7252C /* WeatherApplicationUITests */,
				8AAB82182ACB732000C7252C /* Products */,
			);
			sourceTree = "<group>";
		};
		8AAB82182ACB732000C7252C /* Products */ = {
			isa = PBXGroup;
			children = (
				8AAB82172ACB732000C7252C /* WeatherApplication.app */,
				8AAB822D2ACB732100C7252C /* WeatherApplicationTests.xctest */,
				8AAB82372ACB732100C7252C /* WeatherApplicationUITests.xctest */,
			);
			name = Products;
			sourceTree = "<group>";
		};
		8AAB82192ACB732000C7252C /* WeatherApplication */ = {
			isa = PBXGroup;
			children = (
				8AAB821A2ACB732000C7252C /* AppDelegate.swift */,
				8AAB821C2ACB732000C7252C /* SceneDelegate.swift */,
				8AAB821E2ACB732000C7252C /* ViewController.swift */,
				8AAB82202ACB732100C7252C /* Main.storyboard */,
				8AAB82232ACB732100C7252C /* Assets.xcassets */,
				8AAB82252ACB732100C7252C /* LaunchScreen.storyboard */,
				8AAB82282ACB732100C7252C /* Info.plist */,
			);
			path = WeatherApplication;
			sourceTree = "<group>";
		};
		8AAB82302ACB732100C7252C /* WeatherApplicationTests */ = {
			isa = PBXGroup;
			children = (
				8AAB82312ACB732100C7252C /* WeatherApplicationTests.swift */,
			);
			path = WeatherApplicationTests;
			sourceTree = "<group>";
		};
		8AAB823A2ACB732100C7252C /* WeatherApplicationUITests */ = {
			isa = PBXGroup;
			children = (
				8AAB823B2ACB732100C7252C /* WeatherApplicationUITests.swift */,
				8AAB823D2ACB732100C7252C /* WeatherApplicationUITestsLaunchTests.swift */,
			);
			path = WeatherApplicationUITests;
			sourceTree = "<group>";
		};
/* End PBXGroup section */

/* Begin PBXNativeTarget section */
		8AAB82162ACB732000C7252C /* WeatherApplication */ = {
			isa = PBXNativeTarget;
			buildConfigurationList = 8AAB82412ACB732100C7252C /* Build configuration list for PBXNativeTarget "WeatherApplication" */;
			buildPhases = (
				8AAB82132ACB732000C7252C /* Sources */,
				8AAB82142ACB732000C7252C /* Frameworks */,
				8AAB82152ACB732000C7252C /* Resources */,
			);
			buildRules = (
			);
			dependencies = (
			);
			name = WeatherApplication;
			productName = WeatherApplication;
			productReference = 8AAB82172ACB732000C7252C /* WeatherApplication.app */;
			productType = "com.apple.product-type.application";
		};
		8AAB822C2ACB732100C7252C /* WeatherApplicationTests */ = {
			isa = PBXNativeTarget;
			buildConfigurationList = 8AAB82442ACB732100C7252C /* Build configuration list for PBXNativeTarget "WeatherApplicationTests" */;
			buildPhases = (
				8AAB82292ACB732100C7252C /* Sources */,
				8AAB822A2ACB732100C7252C /* Frameworks */,
				8AAB822B2ACB732100C7252C /* Resources */,
			);
			buildRules = (
			);
			dependencies = (
				8AAB822F2ACB732100C7252C /* PBXTargetDependency */,
			);
			name = WeatherApplicationTests;
			productName = WeatherApplicationTests;
			productReference = 8AAB822D2ACB732100C7252C /* WeatherApplicationTests.xctest */;
			productType = "com.apple.product-type.bundle.unit-test";
		};
		8AAB82362ACB732100C7252C /* WeatherApplicationUITests */ = {
			isa = PBXNativeTarget;
			buildConfigurationList = 8AAB82472ACB732100C7252C /* Build configuration list for PBXNativeTarget "WeatherApplicationUITests" */;
			buildPhases = (
				8AAB82332ACB732100C7252C /* Sources */,
				8AAB82342ACB732100C7252C /* Frameworks */,
				8AAB82352ACB732100C7252C /* Resources */,
			);
			buildRules = (
			);
			dependencies = (
				8AAB82392ACB732100C7252C /* PBXTargetDependency */,
			);
			name = WeatherApplicationUITests;
			productName = WeatherApplicationUITests;
			productReference = 8AAB82372ACB732100C7252C /* WeatherApplicationUITests.xctest */;
			productType = "com.apple.product-type.bundle.ui-testing";
		};
/* End PBXNativeTarget section */

/* Begin PBXProject section */
		8AAB820F2ACB732000C7252C /* Project object */ = {
			isa = PBXProject;
			attributes = {
				BuildIndependentTargetsInParallel = 1;
				LastSwiftUpdateCheck = 1500;
				LastUpgradeCheck = 1500;
				TargetAttributes = {
					8AAB82162ACB732000C7252C = {
						CreatedOnToolsVersion = 15.0;
					};
					8AAB822C2ACB732100C7252C = {
						CreatedOnToolsVersion = 15.0;
						TestTargetID = 8AAB82162ACB732000C7252C;
					};
					8AAB82362ACB732100C7252C = {
						CreatedOnToolsVersion = 15.0;
						TestTargetID = 8AAB82162ACB732000C7252C;
					};
				};
			};
			buildConfigurationList = 8AAB82122ACB732000C7252C /* Build configuration list for PBXProject "WeatherApplication" */;
			compatibilityVersion = "Xcode 14.0";
			developmentRegion = en;
			hasScannedForEncodings = 0;
			knownRegions = (
				en,
				Base,
			);
			mainGroup = 8AAB820E2ACB732000C7252C;
			productRefGroup = 8AAB82182ACB732000C7252C /* Products */;
			projectDirPath = "";
			projectRoot = "";
			targets = (
				8AAB82162ACB732000C7252C /* WeatherApplication */,
				8AAB822C2ACB732100C7252C /* WeatherApplicationTests */,
				8AAB82362ACB732100C7252C /* WeatherApplicationUITests */,
			);
		};
/* End PBXProject section */

/* Begin PBXResourcesBuildPhase section */
		8AAB82152ACB732000C7252C /* Resources */ = {
			isa = PBXResourcesBuildPhase;
			buildActionMask = 2147483647;
			files = (
				8AAB82272ACB732100C7252C /* LaunchScreen.storyboard in Resources */,
				8AAB82242ACB732100C7252C /* Assets.xcassets in Resources */,
				8AAB82222ACB732100C7252C /* Main.storyboard in Resources */,
			);
			runOnlyForDeploymentPostprocessing = 0;
		};
		8AAB822B2ACB732100C7252C /* Resources */ = {
			isa = PBXResourcesBuildPhase;
			buildActionMask = 2147483647;
			files = (
			);
			runOnlyForDeploymentPostprocessing = 0;
		};
		8AAB82352ACB732100C7252C /* Resources */ = {
			isa = PBXResourcesBuildPhase;
			buildActionMask = 2147483647;
			files = (
			);
			runOnlyForDeploymentPostprocessing = 0;
		};
/* End PBXResourcesBuildPhase section */

/* Begin PBXSourcesBuildPhase section */
		8AAB82132ACB732000C7252C /* Sources */ = {
			isa = PBXSourcesBuildPhase;
			buildActionMask = 2147483647;
			files = (
				8AAB821F2ACB732000C7252C /* ViewController.swift in Sources */,
				8AAB821B2ACB732000C7252C /* AppDelegate.swift in Sources */,
				8AAB821D2ACB732000C7252C /* SceneDelegate.swift in Sources */,
			);
			runOnlyForDeploymentPostprocessing = 0;
		};
		8AAB82292ACB732100C7252C /* Sources */ = {
			isa = PBXSourcesBuildPhase;
			buildActionMask = 2147483647;
			files = (
				8AAB82322ACB732100C7252C /* WeatherApplicationTests.swift in Sources */,
			);
			runOnlyForDeploymentPostprocessing = 0;
		};
		8AAB82332ACB732100C7252C /* Sources */ = {
			isa = PBXSourcesBuildPhase;
			buildActionMask = 2147483647;
			files = (
				8AAB823E2ACB732100C7252C /* WeatherApplicationUITestsLaunchTests.swift in Sources */,
				8AAB823C2ACB732100C7252C /* WeatherApplicationUITests.swift in Sources */,
			);
			runOnlyForDeploymentPostprocessing = 0;
		};
/* End PBXSourcesBuildPhase section */

/* Begin PBXTargetDependency section */
		8AAB822F2ACB732100C7252C /* PBXTargetDependency */ = {
			isa = PBXTargetDependency;
			target = 8AAB82162ACB732000C7252C /* WeatherApplication */;
			targetProxy = 8AAB822E2ACB732100C7252C /* PBXContainerItemProxy */;
		};
		8AAB82392ACB732100C7252C /* PBXTargetDependency */ = {
			isa = PBXTargetDependency;
			target = 8AAB82162ACB732000C7252C /* WeatherApplication */;
			targetProxy = 8AAB82382ACB732100C7252C /* PBXContainerItemProxy */;
		};
/* End PBXTargetDependency section */

/* Begin PBXVariantGroup section */
		8AAB82202ACB732100C7252C /* Main.storyboard */ = {
			isa = PBXVariantGroup;
			children = (
				8AAB82212ACB732100C7252C /* Base */,
			);
			name = Main.storyboard;
			sourceTree = "<group>";
		};
		8AAB82252ACB732100C7252C /* LaunchScreen.storyboard */ = {
			isa = PBXVariantGroup;
			children = (
				8AAB82262ACB732100C7252C /* Base */,
			);
			name = LaunchScreen.storyboard;
			sourceTree = "<group>";
		};
/* End PBXVariantGroup section */

/* Begin XCBuildConfiguration section */
		8AAB823F2ACB732100C7252C /* Debug */ = {
			isa = XCBuildConfiguration;
			buildSettings = {
				ALWAYS_SEARCH_USER_PATHS = NO;
				ASSETCATALOG_COMPILER_GENERATE_SWIFT_ASSET_SYMBOL_EXTENSIONS = YES;
				CLANG_ANALYZER_NONNULL = YES;
				CLANG_ANALYZER_NUMBER_OBJECT_CONVERSION = YES_AGGRESSIVE;
				CLANG_CXX_LANGUAGE_STANDARD = "gnu++20";
				CLANG_ENABLE_MODULES = YES;
				CLANG_ENABLE_OBJC_ARC = YES;
				CLANG_ENABLE_OBJC_WEAK = YES;
				CLANG_WARN_BLOCK_CAPTURE_AUTORELEASING = YES;
				CLANG_WARN_BOOL_CONVERSION = YES;
				CLANG_WARN_COMMA = YES;
				CLANG_WARN_CONSTANT_CONVERSION = YES;
				CLANG_WARN_DEPRECATED_OBJC_IMPLEMENTATIONS = YES;
				CLANG_WARN_DIRECT_OBJC_ISA_USAGE = YES_ERROR;
				CLANG_WARN_DOCUMENTATION_COMMENTS = YES;
				CLANG_WARN_EMPTY_BODY = YES;
				CLANG_WARN_ENUM_CONVERSION = YES;
				CLANG_WARN_INFINITE_RECURSION = YES;
				CLANG_WARN_INT_CONVERSION = YES;
				CLANG_WARN_NON_LITERAL_NULL_CONVERSION = YES;
				CLANG_WARN_OBJC_IMPLICIT_RETAIN_SELF = YES;
				CLANG_WARN_OBJC_LITERAL_CONVERSION = YES;
				CLANG_WARN_OBJC_ROOT_CLASS = YES_ERROR;
				CLANG_WARN_QUOTED_INCLUDE_IN_FRAMEWORK_HEADER = YES;
				CLANG_WARN_RANGE_LOOP_ANALYSIS = YES;
				CLANG_WARN_STRICT_PROTOTYPES = YES;
				CLANG_WARN_SUSPICIOUS_MOVE = YES;
				CLANG_WARN_UNGUARDED_AVAILABILITY = YES_AGGRESSIVE;
				CLANG_WARN_UNREACHABLE_CODE = YES;
				CLANG_WARN__DUPLICATE_METHOD_MATCH = YES;
				COPY_PHASE_STRIP = NO;
				DEBUG_INFORMATION_FORMAT = dwarf;
				ENABLE_STRICT_OBJC_MSGSEND = YES;
				ENABLE_TESTABILITY = YES;
				ENABLE_USER_SCRIPT_SANDBOXING = YES;
				GCC_C_LANGUAGE_STANDARD = gnu17;
				GCC_DYNAMIC_NO_PIC = NO;
				GCC_NO_COMMON_BLOCKS = YES;
				GCC_OPTIMIZATION_LEVEL = 0;
				GCC_PREPROCESSOR_DEFINITIONS = (
					"DEBUG=1",
					"$(inherited)",
				);
				GCC_WARN_64_TO_32_BIT_CONVERSION = YES;
				GCC_WARN_ABOUT_RETURN_TYPE = YES_ERROR;
				GCC_WARN_UNDECLARED_SELECTOR = YES;
				GCC_WARN_UNINITIALIZED_AUTOS = YES_AGGRESSIVE;
				GCC_WARN_UNUSED_FUNCTION = YES;
				GCC_WARN_UNUSED_VARIABLE = YES;
				IPHONEOS_DEPLOYMENT_TARGET = 17.0;
				LOCALIZATION_PREFERS_STRING_CATALOGS = YES;
				MTL_ENABLE_DEBUG_INFO = INCLUDE_SOURCE;
				MTL_FAST_MATH = YES;
				ONLY_ACTIVE_ARCH = YES;
				SDKROOT = iphoneos;
				SWIFT_ACTIVE_COMPILATION_CONDITIONS = "DEBUG $(inherited)";
				SWIFT_OPTIMIZATION_LEVEL = "-Onone";
			};
			name = Debug;
		};
		8AAB82402ACB732100C7252C /* Release */ = {
			isa = XCBuildConfiguration;
			buildSettings = {
				ALWAYS_SEARCH_USER_PATHS = NO;
				ASSETCATALOG_COMPILER_GENERATE_SWIFT_ASSET_SYMBOL_EXTENSIONS = YES;
				CLANG_ANALYZER_NONNULL = YES;
				CLANG_ANALYZER_NUMBER_OBJECT_CONVERSION = YES_AGGRESSIVE;
				CLANG_CXX_LANGUAGE_STANDARD = "gnu++20";
				CLANG_ENABLE_MODULES = YES;
				CLANG_ENABLE_OBJC_ARC = YES;
				CLANG_ENABLE_OBJC_WEAK = YES;
				CLANG_WARN_BLOCK_CAPTURE_AUTORELEASING = YES;
				CLANG_WARN_BOOL_CONVERSION = YES;
				CLANG_WARN_COMMA = YES;
				CLANG_WARN_CONSTANT_CONVERSION = YES;
				CLANG_WARN_DEPRECATED_OBJC_IMPLEMENTATIONS = YES;
				CLANG_WARN_DIRECT_OBJC_ISA_USAGE = YES_ERROR;
				CLANG_WARN_DOCUMENTATION_COMMENTS = YES;
				CLANG_WARN_EMPTY_BODY = YES;
				CLANG_WARN_ENUM_CONVERSION = YES;
				CLANG_WARN_INFINITE_RECURSION = YES;
				CLANG_WARN_INT_CONVERSION = YES;
				CLANG_WARN_NON_LITERAL_NULL_CONVERSION = YES;
				CLANG_WARN_OBJC_IMPLICIT_RETAIN_SELF = YES;
				CLANG_WARN_OBJC_LITERAL_CONVERSION = YES;
				CLANG_WARN_OBJC_ROOT_CLASS = YES_ERROR;
				CLANG_WARN_QUOTED_INCLUDE_IN_FRAMEWORK_HEADER = YES;
				CLANG_WARN_RANGE_LOOP_ANALYSIS = YES;
				CLANG_WARN_STRICT_PROTOTYPES = YES;
				CLANG_WARN_SUSPICIOUS_MOVE = YES;
				CLANG_WARN_UNGUARDED_AVAILABILITY = YES_AGGRESSIVE;
				CLANG_WARN_UNREACHABLE_CODE = YES;
				CLANG_WARN__DUPLICATE_METHOD_MATCH = YES;
				COPY_PHASE_STRIP = NO;
				DEBUG_INFORMATION_FORMAT = "dwarf-with-dsym";
				ENABLE_NS_ASSERTIONS = NO;
				ENABLE_STRICT_OBJC_MSGSEND = YES;
				ENABLE_USER_SCRIPT_SANDBOXING = YES;
				GCC_C_LANGUAGE_STANDARD = gnu17;
				GCC_NO_COMMON_BLOCKS = YES;
				GCC_WARN_64_TO_32_BIT_CONVERSION = YES;
				GCC_WARN_ABOUT_RETURN_TYPE = YES_ERROR;
				GCC_WARN_UNDECLARED_SELECTOR = YES;
				GCC_WARN_UNINITIALIZED_AUTOS = YES_AGGRESSIVE;
				GCC_WARN_UNUSED_FUNCTION = YES;
				GCC_WARN_UNUSED_VARIABLE = YES;
				IPHONEOS_DEPLOYMENT_TARGET = 17.0;
				LOCALIZATION_PREFERS_STRING_CATALOGS = YES;
				MTL_ENABLE_DEBUG_INFO = NO;
				MTL_FAST_MATH = YES;
				SDKROOT = iphoneos;
				SWIFT_COMPILATION_MODE = wholemodule;
				VALIDATE_PRODUCT = YES;
			};
			name = Release;
		};
		8AAB82422ACB732100C7252C /* Debug */ = {
			isa = XCBuildConfiguration;
			buildSettings = {
				ASSETCATALOG_COMPILER_APPICON_NAME = AppIcon;
				ASSETCATALOG_COMPILER_GLOBAL_ACCENT_COLOR_NAME = AccentColor;
				CODE_SIGN_STYLE = Automatic;
				CURRENT_PROJECT_VERSION = 1;
				DEVELOPMENT_TEAM = JJF74M9Z2N;
				GENERATE_INFOPLIST_FILE = YES;
				INFOPLIST_FILE = WeatherApplication/Info.plist;
				INFOPLIST_KEY_UIApplicationSupportsIndirectInputEvents = YES;
				INFOPLIST_KEY_UILaunchStoryboardName = LaunchScreen;
				INFOPLIST_KEY_UIMainStoryboardFile = Main;
				INFOPLIST_KEY_UISupportedInterfaceOrientations_iPad = "UIInterfaceOrientationPortrait UIInterfaceOrientationPortraitUpsideDown UIInterfaceOrientationLandscapeLeft UIInterfaceOrientationLandscapeRight";
				INFOPLIST_KEY_UISupportedInterfaceOrientations_iPhone = "UIInterfaceOrientationPortrait UIInterfaceOrientationLandscapeLeft UIInterfaceOrientationLandscapeRight";
				LD_RUNPATH_SEARCH_PATHS = (
					"$(inherited)",
					"@executable_path/Frameworks",
				);
				MARKETING_VERSION = 1.0;
				PRODUCT_BUNDLE_IDENTIFIER = pl.kossios.applicationWeather.WeatherApplication;
				PRODUCT_NAME = "$(TARGET_NAME)";
				SWIFT_EMIT_LOC_STRINGS = YES;
				SWIFT_VERSION = 5.0;
				TARGETED_DEVICE_FAMILY = "1,2";
			};
			name = Debug;
		};
		8AAB82432ACB732100C7252C /* Release */ = {
			isa = XCBuildConfiguration;
			buildSettings = {
				ASSETCATALOG_COMPILER_APPICON_NAME = AppIcon;
				ASSETCATALOG_COMPILER_GLOBAL_ACCENT_COLOR_NAME = AccentColor;
				CODE_SIGN_STYLE = Automatic;
				CURRENT_PROJECT_VERSION = 1;
				DEVELOPMENT_TEAM = JJF74M9Z2N;
				GENERATE_INFOPLIST_FILE = YES;
				INFOPLIST_FILE = WeatherApplication/Info.plist;
				INFOPLIST_KEY_UIApplicationSupportsIndirectInputEvents = YES;
				INFOPLIST_KEY_UILaunchStoryboardName = LaunchScreen;
				INFOPLIST_KEY_UIMainStoryboardFile = Main;
				INFOPLIST_KEY_UISupportedInterfaceOrientations_iPad = "UIInterfaceOrientationPortrait UIInterfaceOrientationPortraitUpsideDown UIInterfaceOrientationLandscapeLeft UIInterfaceOrientationLandscapeRight";
				INFOPLIST_KEY_UISupportedInterfaceOrientations_iPhone = "UIInterfaceOrientationPortrait UIInterfaceOrientationLandscapeLeft UIInterfaceOrientationLandscapeRight";
				LD_RUNPATH_SEARCH_PATHS = (
					"$(inherited)",
					"@executable_path/Frameworks",
				);
				MARKETING_VERSION = 1.0;
				PRODUCT_BUNDLE_IDENTIFIER = pl.kossios.applicationWeather.WeatherApplication;
				PRODUCT_NAME = "$(TARGET_NAME)";
				SWIFT_EMIT_LOC_STRINGS = YES;
				SWIFT_VERSION = 5.0;
				TARGETED_DEVICE_FAMILY = "1,2";
			};
			name = Release;
		};
		8AAB82452ACB732100C7252C /* Debug */ = {
			isa = XCBuildConfiguration;
			buildSettings = {
				ALWAYS_EMBED_SWIFT_STANDARD_LIBRARIES = YES;
				BUNDLE_LOADER = "$(TEST_HOST)";
				CODE_SIGN_STYLE = Automatic;
				CURRENT_PROJECT_VERSION = 1;
				DEVELOPMENT_TEAM = JJF74M9Z2N;
				GENERATE_INFOPLIST_FILE = YES;
				IPHONEOS_DEPLOYMENT_TARGET = 17.0;
				MARKETING_VERSION = 1.0;
				PRODUCT_BUNDLE_IDENTIFIER = pl.kossios.applicationWeather.WeatherApplicationTests;
				PRODUCT_NAME = "$(TARGET_NAME)";
				SWIFT_EMIT_LOC_STRINGS = NO;
				SWIFT_VERSION = 5.0;
				TARGETED_DEVICE_FAMILY = "1,2";
				TEST_HOST = "$(BUILT_PRODUCTS_DIR)/WeatherApplication.app/$(BUNDLE_EXECUTABLE_FOLDER_PATH)/WeatherApplication";
			};
			name = Debug;
		};
		8AAB82462ACB732100C7252C /* Release */ = {
			isa = XCBuildConfiguration;
			buildSettings = {
				ALWAYS_EMBED_SWIFT_STANDARD_LIBRARIES = YES;
				BUNDLE_LOADER = "$(TEST_HOST)";
				CODE_SIGN_STYLE = Automatic;
				CURRENT_PROJECT_VERSION = 1;
				DEVELOPMENT_TEAM = JJF74M9Z2N;
				GENERATE_INFOPLIST_FILE = YES;
				IPHONEOS_DEPLOYMENT_TARGET = 17.0;
				MARKETING_VERSION = 1.0;
				PRODUCT_BUNDLE_IDENTIFIER = pl.kossios.applicationWeather.WeatherApplicationTests;
				PRODUCT_NAME = "$(TARGET_NAME)";
				SWIFT_EMIT_LOC_STRINGS = NO;
				SWIFT_VERSION = 5.0;
				TARGETED_DEVICE_FAMILY = "1,2";
				TEST_HOST = "$(BUILT_PRODUCTS_DIR)/WeatherApplication.app/$(BUNDLE_EXECUTABLE_FOLDER_PATH)/WeatherApplication";
			};
			name = Release;
		};
		8AAB82482ACB732100C7252C /* Debug */ = {
			isa = XCBuildConfiguration;
			buildSettings = {
				ALWAYS_EMBED_SWIFT_STANDARD_LIBRARIES = YES;
				CODE_SIGN_STYLE = Automatic;
				CURRENT_PROJECT_VERSION = 1;
				DEVELOPMENT_TEAM = JJF74M9Z2N;
				GENERATE_INFOPLIST_FILE = YES;
				MARKETING_VERSION = 1.0;
				PRODUCT_BUNDLE_IDENTIFIER = pl.kossios.applicationWeather.WeatherApplicationUITests;
				PRODUCT_NAME = "$(TARGET_NAME)";
				SWIFT_EMIT_LOC_STRINGS = NO;
				SWIFT_VERSION = 5.0;
				TARGETED_DEVICE_FAMILY = "1,2";
				TEST_TARGET_NAME = WeatherApplication;
			};
			name = Debug;
		};
		8AAB82492ACB732100C7252C /* Release */ = {
			isa = XCBuildConfiguration;
			buildSettings = {
				ALWAYS_EMBED_SWIFT_STANDARD_LIBRARIES = YES;
				CODE_SIGN_STYLE = Automatic;
				CURRENT_PROJECT_VERSION = 1;
				DEVELOPMENT_TEAM = JJF74M9Z2N;
				GENERATE_INFOPLIST_FILE = YES;
				MARKETING_VERSION = 1.0;
				PRODUCT_BUNDLE_IDENTIFIER = pl.kossios.applicationWeather.WeatherApplicationUITests;
				PRODUCT_NAME = "$(TARGET_NAME)";
				SWIFT_EMIT_LOC_STRINGS = NO;
				SWIFT_VERSION = 5.0;
				TARGETED_DEVICE_FAMILY = "1,2";
				TEST_TARGET_NAME = WeatherApplication;
			};
			name = Release;
		};
/* End XCBuildConfiguration section */

/* Begin XCConfigurationList section */
		8AAB82122ACB732000C7252C /* Build configuration list for PBXProject "WeatherApplication" */ = {
			isa = XCConfigurationList;
			buildConfigurations = (
				8AAB823F2ACB732100C7252C /* Debug */,
				8AAB82402ACB732100C7252C /* Release */,
			);
			defaultConfigurationIsVisible = 0;
			defaultConfigurationName = Release;
		};
		8AAB82412ACB732100C7252C /* Build configuration list for PBXNativeTarget "WeatherApplication" */ = {
			isa = XCConfigurationList;
			buildConfigurations = (
				8AAB82422ACB732100C7252C /* Debug */,
				8AAB82432ACB732100C7252C /* Release */,
			);
			defaultConfigurationIsVisible = 0;
			defaultConfigurationName = Release;
		};
		8AAB82442ACB732100C7252C /* Build configuration list for PBXNativeTarget "WeatherApplicationTests" */ = {
			isa = XCConfigurationList;
			buildConfigurations = (
				8AAB82452ACB732100C7252C /* Debug */,
				8AAB82462ACB732100C7252C /* Release */,
			);
			defaultConfigurationIsVisible = 0;
			defaultConfigurationName = Release;
		};
		8AAB82472ACB732100C7252C /* Build configuration list for PBXNativeTarget "WeatherApplicationUITests" */ = {
			isa = XCConfigurationList;
			buildConfigurations = (
				8AAB82482ACB732100C7252C /* Debug */,
				8AAB82492ACB732100C7252C /* Release */,
			);
			defaultConfigurationIsVisible = 0;
			defaultConfigurationName = Release;
		};
/* End XCConfigurationList section */
	};
	rootObject = 8AAB820F2ACB732000C7252C /* Project object */;
}
